
Microsoft Visual Studio Solution File, Format Version 12.00
# Visual Studio 15
Project("{FAE04EC0-301F-11D3-BF4B-00C04F79EFBC}") = "UnityEngine.UI", "UnityEngine.UI.csproj", "{074FB6F5-89E5-B810-0B0F-30BA9A18F1B2}"
EndProject
Project("{FAE04EC0-301F-11D3-BF4B-00C04F79EFBC}") = "UnityEngine.TestRunner", "UnityEngine.TestRunner.csproj", "{6D17608B-6C46-10DF-B30F-5A7EE177795C}"
EndProject
Project("{FAE04EC0-301F-11D3-BF4B-00C04F79EFBC}") = "Unity.Mathematics", "Unity.Mathematics.csproj", "{6610686E-7703-42D5-2092-395A01457101}"
EndProject
Project("{FAE04EC0-301F-11D3-BF4B-00C04F79EFBC}") = "Unity.2D.Animation.Triangle.Runtime", "Unity.2D.Animation.Triangle.Runtime.csproj", "{5242C4A8-BE65-CE45-F36E-237D93A0F561}"
EndProject
Project("{FAE04EC0-301F-11D3-BF4B-00C04F79EFBC}") = "Unity.Timeline", "Unity.Timeline.csproj", "{4E45975C-ED0C-2920-64FF-99954BF2787E}"
EndProject
Project("{FAE04EC0-301F-11D3-BF4B-00C04F79EFBC}") = "Unity.TextMeshPro", "Unity.TextMeshPro.csproj", "{82645F36-CEC1-A325-E4BF-0129C8E2CE21}"
EndProject
Project("{FAE04EC0-301F-11D3-BF4B-00C04F79EFBC}") = "Unity.2D.Animation.Runtime", "Unity.2D.Animation.Runtime.csproj", "{84F64577-B7C3-85E9-7613-D24540E0B125}"
EndProject
Project("{FAE04EC0-301F-11D3-BF4B-00C04F79EFBC}") = "Assembly-CSharp", "Assembly-CSharp.csproj", "{51897D78-2493-F474-A129-6B5D14FE7D67}"
EndProject
Project("{FAE04EC0-301F-11D3-BF4B-00C04F79EFBC}") = "Unity.2D.IK.Runtime", "Unity.2D.IK.Runtime.csproj", "{AD715CD2-F455-C24E-33E3-F501EBCFD8ED}"
EndProject
Project("{FAE04EC0-301F-11D3-BF4B-00C04F79EFBC}") = "Unity.2D.SpriteShape.Runtime", "Unity.2D.SpriteShape.Runtime.csproj", "{4A7D3A97-FE4D-C438-3469-B6D15E9E315A}"
EndProject
Project("{FAE04EC0-301F-11D3-BF4B-00C04F79EFBC}") = "Unity.2D.PixelPerfect", "Unity.2D.PixelPerfect.csproj", "{A0C9EAB2-2E5C-C1AE-63E2-62DDF5F03204}"
EndProject
Project("{FAE04EC0-301F-11D3-BF4B-00C04F79EFBC}") = "Unity.2D.Common.Runtime", "Unity.2D.Common.Runtime.csproj", "{5DAD8E4A-2B00-992A-F408-8DF57EDC3FA2}"
EndProject
Project("{FAE04EC0-301F-11D3-BF4B-00C04F79EFBC}") = "Unity.InternalAPIEngineBridge.001", "Unity.InternalAPIEngineBridge.001.csproj", "{46444776-7BDC-81A0-D415-702CA7FB1055}"
EndProject
Project("{FAE04EC0-301F-11D3-BF4B-00C04F79EFBC}") = "UnityEditor.TestRunner", "UnityEditor.TestRunner.csproj", "{1CFE9402-AE1F-43A0-4C65-4B9CED9428E3}"
EndProject
Project("{FAE04EC0-301F-11D3-BF4B-00C04F79EFBC}") = "Unity.PlasticSCM.Editor", "Unity.PlasticSCM.Editor.csproj", "{3D6810E9-B10F-6B50-30B2-8EC06ABC8F13}"
EndProject
Project("{FAE04EC0-301F-11D3-BF4B-00C04F79EFBC}") = "UnityEditor.UI", "UnityEditor.UI.csproj", "{5C08A61E-DBBB-531E-7122-88F454AA0622}"
EndProject
Project("{FAE04EC0-301F-11D3-BF4B-00C04F79EFBC}") = "Unity.Services.Core.Editor", "Unity.Services.Core.Editor.csproj", "{BE70527C-A26E-62C5-9CD6-2A4892B7A80E}"
EndProject
Project("{FAE04EC0-301F-11D3-BF4B-00C04F79EFBC}") = "Unity.Timeline.Editor", "Unity.Timeline.Editor.csproj", "{AD6D032A-B44E-1939-CFE5-D071388F93DF}"
EndProject
Project("{FAE04EC0-301F-11D3-BF4B-00C04F79EFBC}") = "Unity.VisualStudio.Editor", "Unity.VisualStudio.Editor.csproj", "{EEDA2889-0F95-6377-294B-BCE7F5E54F5E}"
EndProject
Project("{FAE04EC0-301F-11D3-BF4B-00C04F79EFBC}") = "Unity.2D.Psdimporter.Editor", "Unity.2D.Psdimporter.Editor.csproj", "{E2C7E3EB-09BC-69CE-27E8-34C5A2F18FA8}"
EndProject
Project("{FAE04EC0-301F-11D3-BF4B-00C04F79EFBC}") = "Unity.2D.Animation.Editor", "Unity.2D.Animation.Editor.csproj", "{5BF7F5BF-D270-EF50-E87A-4ADA24A8179A}"
EndProject
Project("{FAE04EC0-301F-11D3-BF4B-00C04F79EFBC}") = "Unity.TextMeshPro.Editor", "Unity.TextMeshPro.Editor.csproj", "{617E87CA-5629-5F75-65A1-4DE4CE1B1195}"
EndProject
Project("{FAE04EC0-301F-11D3-BF4B-00C04F79EFBC}") = "Unity.2D.SpriteShape.Editor", "Unity.2D.SpriteShape.Editor.csproj", "{3274BC06-BEDD-CFBA-9FAD-731A13401C59}"
EndProject
Project("{FAE04EC0-301F-11D3-BF4B-00C04F79EFBC}") = "Unity.CollabProxy.Editor", "Unity.CollabProxy.Editor.csproj", "{E8CD8F6B-2D4F-3839-EFE2-48647D7BB5A2}"
EndProject
Project("{FAE04EC0-301F-11D3-BF4B-00C04F79EFBC}") = "PsdPlugin", "PsdPlugin.csproj", "{4F2F4B1C-6476-3F29-1D04-AC30140F7EE8}"
EndProject
Project("{FAE04EC0-301F-11D3-BF4B-00C04F79EFBC}") = "Unity.2D.Path.Editor", "Unity.2D.Path.Editor.csproj", "{D7B0582D-4542-1FD0-9036-A9ABAC823001}"
EndProject
Project("{FAE04EC0-301F-11D3-BF4B-00C04F79EFBC}") = "Unity.Rider.Editor", "Unity.Rider.Editor.csproj", "{A8B2701B-A46E-7B86-3378-E9EFD1BBA922}"
EndProject
Project("{FAE04EC0-301F-11D3-BF4B-00C04F79EFBC}") = "Unity.2D.IK.Editor", "Unity.2D.IK.Editor.csproj", "{8D9EEBA3-3432-632C-06B9-050FF0A24CF0}"
EndProject
Project("{FAE04EC0-301F-11D3-BF4B-00C04F79EFBC}") = "Unity.2D.Sprite.Editor", "Unity.2D.Sprite.Editor.csproj", "{AC1197B0-780B-548F-2C08-084650445681}"
EndProject
Project("{FAE04EC0-301F-11D3-BF4B-00C04F79EFBC}") = "Unity.2D.Tilemap.Editor", "Unity.2D.Tilemap.Editor.csproj", "{F550140F-C262-F229-BC63-3EA63D49D146}"
EndProject
Project("{FAE04EC0-301F-11D3-BF4B-00C04F79EFBC}") = "Unity.2D.PixelPerfect.Editor", "Unity.2D.PixelPerfect.Editor.csproj", "{BD9E5333-134A-9D6E-65E6-EF898B7FB378}"
EndProject
Project("{FAE04EC0-301F-11D3-BF4B-00C04F79EFBC}") = "Unity.VSCode.Editor", "Unity.VSCode.Editor.csproj", "{FD0DCAD8-AADB-ED2A-D5B5-AF7177BD5919}"
EndProject
Project("{FAE04EC0-301F-11D3-BF4B-00C04F79EFBC}") = "Unity.2D.Common.Editor", "Unity.2D.Common.Editor.csproj", "{A87AED0F-C0BE-82B3-970D-A87755B06BCB}"
EndProject
Project("{FAE04EC0-301F-11D3-BF4B-00C04F79EFBC}") = "Unity.Mathematics.Editor", "Unity.Mathematics.Editor.csproj", "{6E0AEEAA-6B8C-6EBD-91AC-2F979FF62B2D}"
EndProject
Project("{FAE04EC0-301F-11D3-BF4B-00C04F79EFBC}") = "Unity.InternalAPIEditorBridge.001", "Unity.InternalAPIEditorBridge.001.csproj", "{A582340B-0D07-A155-0D44-C7D02202646D}"
EndProject
Project("{FAE04EC0-301F-11D3-BF4B-00C04F79EFBC}") = "UnityEngine.UI", "UnityEngine.UI.Player.csproj", "{E83E2203-FAD2-A217-75A3-545ECF8E6023}"
EndProject
Project("{FAE04EC0-301F-11D3-BF4B-00C04F79EFBC}") = "UnityEngine.TestRunner", "UnityEngine.TestRunner.Player.csproj", "{B2AB0C59-76C7-D50F-C997-B3196F581E49}"
EndProject
Project("{FAE04EC0-301F-11D3-BF4B-00C04F79EFBC}") = "Unity.Mathematics", "Unity.Mathematics.Player.csproj", "{E7689A13-8FD4-BC7F-AFAD-EE08F674970A}"
EndProject
Project("{FAE04EC0-301F-11D3-BF4B-00C04F79EFBC}") = "Unity.2D.Animation.Triangle.Runtime", "Unity.2D.Animation.Triangle.Runtime.Player.csproj", "{B4C377EB-57FE-4622-3B7B-9E2D23DD0560}"
EndProject
Project("{FAE04EC0-301F-11D3-BF4B-00C04F79EFBC}") = "Unity.Timeline", "Unity.Timeline.Player.csproj", "{96943D5E-BE04-2DB3-1284-84A830B1EE53}"
EndProject
Project("{FAE04EC0-301F-11D3-BF4B-00C04F79EFBC}") = "Unity.TextMeshPro", "Unity.TextMeshPro.Player.csproj", "{C4546BFA-2BA3-846A-E1AC-183DC83E403B}"
EndProject
Project("{FAE04EC0-301F-11D3-BF4B-00C04F79EFBC}") = "Unity.2D.Animation.Runtime", "Unity.2D.Animation.Runtime.Player.csproj", "{7F188963-A019-C8C1-3DFC-E05B9B24D0F4}"
EndProject
Project("{FAE04EC0-301F-11D3-BF4B-00C04F79EFBC}") = "Assembly-CSharp", "Assembly-CSharp.Player.csproj", "{1870FA53-056C-BE1E-6B58-290141D32D44}"
EndProject
Project("{FAE04EC0-301F-11D3-BF4B-00C04F79EFBC}") = "Unity.2D.IK.Runtime", "Unity.2D.IK.Runtime.Player.csproj", "{DD0AE49F-0C33-9E7B-A24B-EA998FBE67A5}"
EndProject
Project("{FAE04EC0-301F-11D3-BF4B-00C04F79EFBC}") = "Unity.2D.SpriteShape.Runtime", "Unity.2D.SpriteShape.Runtime.Player.csproj", "{3BF73779-4D62-E007-47B0-77E019F7A2F0}"
EndProject
Project("{FAE04EC0-301F-11D3-BF4B-00C04F79EFBC}") = "Unity.2D.PixelPerfect", "Unity.2D.PixelPerfect.Player.csproj", "{D9B91A28-7F89-77A9-C44F-865F73E3E351}"
EndProject
Project("{FAE04EC0-301F-11D3-BF4B-00C04F79EFBC}") = "Unity.2D.Common.Runtime", "Unity.2D.Common.Runtime.Player.csproj", "{DD3B820C-5E24-8702-D622-837D00B59DB7}"
EndProject
Project("{FAE04EC0-301F-11D3-BF4B-00C04F79EFBC}") = "Unity.InternalAPIEngineBridge.001", "Unity.InternalAPIEngineBridge.001.Player.csproj", "{D6B23151-9FCB-DE40-6801-2CE9C5649A2E}"
EndProject
Global
	GlobalSection(SolutionConfigurationPlatforms) = preSolution
		Debug|Any CPU = Debug|Any CPU
		Release|Any CPU = Release|Any CPU
	EndGlobalSection
	GlobalSection(ProjectConfigurationPlatforms) = postSolution
		{074FB6F5-89E5-B810-0B0F-30BA9A18F1B2}.Debug|Any CPU.ActiveCfg = Debug|Any CPU
		{074FB6F5-89E5-B810-0B0F-30BA9A18F1B2}.Debug|Any CPU.Build.0 = Debug|Any CPU
		{074FB6F5-89E5-B810-0B0F-30BA9A18F1B2}.Release|Any CPU.ActiveCfg = Release|Any CPU
		{074FB6F5-89E5-B810-0B0F-30BA9A18F1B2}.Release|Any CPU.Build.0 = Release|Any CPU
		{6D17608B-6C46-10DF-B30F-5A7EE177795C}.Debug|Any CPU.ActiveCfg = Debug|Any CPU
		{6D17608B-6C46-10DF-B30F-5A7EE177795C}.Debug|Any CPU.Build.0 = Debug|Any CPU
		{6D17608B-6C46-10DF-B30F-5A7EE177795C}.Release|Any CPU.ActiveCfg = Release|Any CPU
		{6D17608B-6C46-10DF-B30F-5A7EE177795C}.Release|Any CPU.Build.0 = Release|Any CPU
		{6610686E-7703-42D5-2092-395A01457101}.Debug|Any CPU.ActiveCfg = Debug|Any CPU
		{6610686E-7703-42D5-2092-395A01457101}.Debug|Any CPU.Build.0 = Debug|Any CPU
		{6610686E-7703-42D5-2092-395A01457101}.Release|Any CPU.ActiveCfg = Release|Any CPU
		{6610686E-7703-42D5-2092-395A01457101}.Release|Any CPU.Build.0 = Release|Any CPU
		{5242C4A8-BE65-CE45-F36E-237D93A0F561}.Debug|Any CPU.ActiveCfg = Debug|Any CPU
		{5242C4A8-BE65-CE45-F36E-237D93A0F561}.Debug|Any CPU.Build.0 = Debug|Any CPU
		{5242C4A8-BE65-CE45-F36E-237D93A0F561}.Release|Any CPU.ActiveCfg = Release|Any CPU
		{5242C4A8-BE65-CE45-F36E-237D93A0F561}.Release|Any CPU.Build.0 = Release|Any CPU
		{4E45975C-ED0C-2920-64FF-99954BF2787E}.Debug|Any CPU.ActiveCfg = Debug|Any CPU
		{4E45975C-ED0C-2920-64FF-99954BF2787E}.Debug|Any CPU.Build.0 = Debug|Any CPU
		{4E45975C-ED0C-2920-64FF-99954BF2787E}.Release|Any CPU.ActiveCfg = Release|Any CPU
		{4E45975C-ED0C-2920-64FF-99954BF2787E}.Release|Any CPU.Build.0 = Release|Any CPU
		{82645F36-CEC1-A325-E4BF-0129C8E2CE21}.Debug|Any CPU.ActiveCfg = Debug|Any CPU
		{82645F36-CEC1-A325-E4BF-0129C8E2CE21}.Debug|Any CPU.Build.0 = Debug|Any CPU
		{82645F36-CEC1-A325-E4BF-0129C8E2CE21}.Release|Any CPU.ActiveCfg = Release|Any CPU
		{82645F36-CEC1-A325-E4BF-0129C8E2CE21}.Release|Any CPU.Build.0 = Release|Any CPU
		{84F64577-B7C3-85E9-7613-D24540E0B125}.Debug|Any CPU.ActiveCfg = Debug|Any CPU
		{84F64577-B7C3-85E9-7613-D24540E0B125}.Debug|Any CPU.Build.0 = Debug|Any CPU
		{84F64577-B7C3-85E9-7613-D24540E0B125}.Release|Any CPU.ActiveCfg = Release|Any CPU
		{84F64577-B7C3-85E9-7613-D24540E0B125}.Release|Any CPU.Build.0 = Release|Any CPU
		{51897D78-2493-F474-A129-6B5D14FE7D67}.Debug|Any CPU.ActiveCfg = Debug|Any CPU
		{51897D78-2493-F474-A129-6B5D14FE7D67}.Debug|Any CPU.Build.0 = Debug|Any CPU
		{51897D78-2493-F474-A129-6B5D14FE7D67}.Release|Any CPU.ActiveCfg = Release|Any CPU
		{51897D78-2493-F474-A129-6B5D14FE7D67}.Release|Any CPU.Build.0 = Release|Any CPU
		{AD715CD2-F455-C24E-33E3-F501EBCFD8ED}.Debug|Any CPU.ActiveCfg = Debug|Any CPU
		{AD715CD2-F455-C24E-33E3-F501EBCFD8ED}.Debug|Any CPU.Build.0 = Debug|Any CPU
		{AD715CD2-F455-C24E-33E3-F501EBCFD8ED}.Release|Any CPU.ActiveCfg = Release|Any CPU
		{AD715CD2-F455-C24E-33E3-F501EBCFD8ED}.Release|Any CPU.Build.0 = Release|Any CPU
		{4A7D3A97-FE4D-C438-3469-B6D15E9E315A}.Debug|Any CPU.ActiveCfg = Debug|Any CPU
		{4A7D3A97-FE4D-C438-3469-B6D15E9E315A}.Debug|Any CPU.Build.0 = Debug|Any CPU
		{4A7D3A97-FE4D-C438-3469-B6D15E9E315A}.Release|Any CPU.ActiveCfg = Release|Any CPU
		{4A7D3A97-FE4D-C438-3469-B6D15E9E315A}.Release|Any CPU.Build.0 = Release|Any CPU
		{A0C9EAB2-2E5C-C1AE-63E2-62DDF5F03204}.Debug|Any CPU.ActiveCfg = Debug|Any CPU
		{A0C9EAB2-2E5C-C1AE-63E2-62DDF5F03204}.Debug|Any CPU.Build.0 = Debug|Any CPU
		{A0C9EAB2-2E5C-C1AE-63E2-62DDF5F03204}.Release|Any CPU.ActiveCfg = Release|Any CPU
		{A0C9EAB2-2E5C-C1AE-63E2-62DDF5F03204}.Release|Any CPU.Build.0 = Release|Any CPU
		{5DAD8E4A-2B00-992A-F408-8DF57EDC3FA2}.Debug|Any CPU.ActiveCfg = Debug|Any CPU
		{5DAD8E4A-2B00-992A-F408-8DF57EDC3FA2}.Debug|Any CPU.Build.0 = Debug|Any CPU
		{5DAD8E4A-2B00-992A-F408-8DF57EDC3FA2}.Release|Any CPU.ActiveCfg = Release|Any CPU
		{5DAD8E4A-2B00-992A-F408-8DF57EDC3FA2}.Release|Any CPU.Build.0 = Release|Any CPU
		{46444776-7BDC-81A0-D415-702CA7FB1055}.Debug|Any CPU.ActiveCfg = Debug|Any CPU
		{46444776-7BDC-81A0-D415-702CA7FB1055}.Debug|Any CPU.Build.0 = Debug|Any CPU
		{46444776-7BDC-81A0-D415-702CA7FB1055}.Release|Any CPU.ActiveCfg = Release|Any CPU
		{46444776-7BDC-81A0-D415-702CA7FB1055}.Release|Any CPU.Build.0 = Release|Any CPU
		{1CFE9402-AE1F-43A0-4C65-4B9CED9428E3}.Debug|Any CPU.ActiveCfg = Debug|Any CPU
		{1CFE9402-AE1F-43A0-4C65-4B9CED9428E3}.Debug|Any CPU.Build.0 = Debug|Any CPU
		{1CFE9402-AE1F-43A0-4C65-4B9CED9428E3}.Release|Any CPU.ActiveCfg = Release|Any CPU
		{1CFE9402-AE1F-43A0-4C65-4B9CED9428E3}.Release|Any CPU.Build.0 = Release|Any CPU
		{3D6810E9-B10F-6B50-30B2-8EC06ABC8F13}.Debug|Any CPU.ActiveCfg = Debug|Any CPU
		{3D6810E9-B10F-6B50-30B2-8EC06ABC8F13}.Debug|Any CPU.Build.0 = Debug|Any CPU
		{3D6810E9-B10F-6B50-30B2-8EC06ABC8F13}.Release|Any CPU.ActiveCfg = Release|Any CPU
		{3D6810E9-B10F-6B50-30B2-8EC06ABC8F13}.Release|Any CPU.Build.0 = Release|Any CPU
		{5C08A61E-DBBB-531E-7122-88F454AA0622}.Debug|Any CPU.ActiveCfg = Debug|Any CPU
		{5C08A61E-DBBB-531E-7122-88F454AA0622}.Debug|Any CPU.Build.0 = Debug|Any CPU
		{5C08A61E-DBBB-531E-7122-88F454AA0622}.Release|Any CPU.ActiveCfg = Release|Any CPU
		{5C08A61E-DBBB-531E-7122-88F454AA0622}.Release|Any CPU.Build.0 = Release|Any CPU
		{BE70527C-A26E-62C5-9CD6-2A4892B7A80E}.Debug|Any CPU.ActiveCfg = Debug|Any CPU
		{BE70527C-A26E-62C5-9CD6-2A4892B7A80E}.Debug|Any CPU.Build.0 = Debug|Any CPU
		{BE70527C-A26E-62C5-9CD6-2A4892B7A80E}.Release|Any CPU.ActiveCfg = Release|Any CPU
		{BE70527C-A26E-62C5-9CD6-2A4892B7A80E}.Release|Any CPU.Build.0 = Release|Any CPU
		{AD6D032A-B44E-1939-CFE5-D071388F93DF}.Debug|Any CPU.ActiveCfg = Debug|Any CPU
		{AD6D032A-B44E-1939-CFE5-D071388F93DF}.Debug|Any CPU.Build.0 = Debug|Any CPU
		{AD6D032A-B44E-1939-CFE5-D071388F93DF}.Release|Any CPU.ActiveCfg = Release|Any CPU
		{AD6D032A-B44E-1939-CFE5-D071388F93DF}.Release|Any CPU.Build.0 = Release|Any CPU
		{EEDA2889-0F95-6377-294B-BCE7F5E54F5E}.Debug|Any CPU.ActiveCfg = Debug|Any CPU
		{EEDA2889-0F95-6377-294B-BCE7F5E54F5E}.Debug|Any CPU.Build.0 = Debug|Any CPU
		{EEDA2889-0F95-6377-294B-BCE7F5E54F5E}.Release|Any CPU.ActiveCfg = Release|Any CPU
		{EEDA2889-0F95-6377-294B-BCE7F5E54F5E}.Release|Any CPU.Build.0 = Release|Any CPU
		{E2C7E3EB-09BC-69CE-27E8-34C5A2F18FA8}.Debug|Any CPU.ActiveCfg = Debug|Any CPU
		{E2C7E3EB-09BC-69CE-27E8-34C5A2F18FA8}.Debug|Any CPU.Build.0 = Debug|Any CPU
		{E2C7E3EB-09BC-69CE-27E8-34C5A2F18FA8}.Release|Any CPU.ActiveCfg = Release|Any CPU
		{E2C7E3EB-09BC-69CE-27E8-34C5A2F18FA8}.Release|Any CPU.Build.0 = Release|Any CPU
		{5BF7F5BF-D270-EF50-E87A-4ADA24A8179A}.Debug|Any CPU.ActiveCfg = Debug|Any CPU
		{5BF7F5BF-D270-EF50-E87A-4ADA24A8179A}.Debug|Any CPU.Build.0 = Debug|Any CPU
		{5BF7F5BF-D270-EF50-E87A-4ADA24A8179A}.Release|Any CPU.ActiveCfg = Release|Any CPU
		{5BF7F5BF-D270-EF50-E87A-4ADA24A8179A}.Release|Any CPU.Build.0 = Release|Any CPU
		{617E87CA-5629-5F75-65A1-4DE4CE1B1195}.Debug|Any CPU.ActiveCfg = Debug|Any CPU
		{617E87CA-5629-5F75-65A1-4DE4CE1B1195}.Debug|Any CPU.Build.0 = Debug|Any CPU
		{617E87CA-5629-5F75-65A1-4DE4CE1B1195}.Release|Any CPU.ActiveCfg = Release|Any CPU
		{617E87CA-5629-5F75-65A1-4DE4CE1B1195}.Release|Any CPU.Build.0 = Release|Any CPU
		{3274BC06-BEDD-CFBA-9FAD-731A13401C59}.Debug|Any CPU.ActiveCfg = Debug|Any CPU
		{3274BC06-BEDD-CFBA-9FAD-731A13401C59}.Debug|Any CPU.Build.0 = Debug|Any CPU
		{3274BC06-BEDD-CFBA-9FAD-731A13401C59}.Release|Any CPU.ActiveCfg = Release|Any CPU
		{3274BC06-BEDD-CFBA-9FAD-731A13401C59}.Release|Any CPU.Build.0 = Release|Any CPU
		{E8CD8F6B-2D4F-3839-EFE2-48647D7BB5A2}.Debug|Any CPU.ActiveCfg = Debug|Any CPU
		{E8CD8F6B-2D4F-3839-EFE2-48647D7BB5A2}.Debug|Any CPU.Build.0 = Debug|Any CPU
		{E8CD8F6B-2D4F-3839-EFE2-48647D7BB5A2}.Release|Any CPU.ActiveCfg = Release|Any CPU
		{E8CD8F6B-2D4F-3839-EFE2-48647D7BB5A2}.Release|Any CPU.Build.0 = Release|Any CPU
		{4F2F4B1C-6476-3F29-1D04-AC30140F7EE8}.Debug|Any CPU.ActiveCfg = Debug|Any CPU
		{4F2F4B1C-6476-3F29-1D04-AC30140F7EE8}.Debug|Any CPU.Build.0 = Debug|Any CPU
		{4F2F4B1C-6476-3F29-1D04-AC30140F7EE8}.Release|Any CPU.ActiveCfg = Release|Any CPU
		{4F2F4B1C-6476-3F29-1D04-AC30140F7EE8}.Release|Any CPU.Build.0 = Release|Any CPU
		{D7B0582D-4542-1FD0-9036-A9ABAC823001}.Debug|Any CPU.ActiveCfg = Debug|Any CPU
		{D7B0582D-4542-1FD0-9036-A9ABAC823001}.Debug|Any CPU.Build.0 = Debug|Any CPU
		{D7B0582D-4542-1FD0-9036-A9ABAC823001}.Release|Any CPU.ActiveCfg = Release|Any CPU
		{D7B0582D-4542-1FD0-9036-A9ABAC823001}.Release|Any CPU.Build.0 = Release|Any CPU
		{A8B2701B-A46E-7B86-3378-E9EFD1BBA922}.Debug|Any CPU.ActiveCfg = Debug|Any CPU
		{A8B2701B-A46E-7B86-3378-E9EFD1BBA922}.Debug|Any CPU.Build.0 = Debug|Any CPU
		{A8B2701B-A46E-7B86-3378-E9EFD1BBA922}.Release|Any CPU.ActiveCfg = Release|Any CPU
		{A8B2701B-A46E-7B86-3378-E9EFD1BBA922}.Release|Any CPU.Build.0 = Release|Any CPU
		{8D9EEBA3-3432-632C-06B9-050FF0A24CF0}.Debug|Any CPU.ActiveCfg = Debug|Any CPU
		{8D9EEBA3-3432-632C-06B9-050FF0A24CF0}.Debug|Any CPU.Build.0 = Debug|Any CPU
		{8D9EEBA3-3432-632C-06B9-050FF0A24CF0}.Release|Any CPU.ActiveCfg = Release|Any CPU
		{8D9EEBA3-3432-632C-06B9-050FF0A24CF0}.Release|Any CPU.Build.0 = Release|Any CPU
		{AC1197B0-780B-548F-2C08-084650445681}.Debug|Any CPU.ActiveCfg = Debug|Any CPU
		{AC1197B0-780B-548F-2C08-084650445681}.Debug|Any CPU.Build.0 = Debug|Any CPU
		{AC1197B0-780B-548F-2C08-084650445681}.Release|Any CPU.ActiveCfg = Release|Any CPU
		{AC1197B0-780B-548F-2C08-084650445681}.Release|Any CPU.Build.0 = Release|Any CPU
		{F550140F-C262-F229-BC63-3EA63D49D146}.Debug|Any CPU.ActiveCfg = Debug|Any CPU
		{F550140F-C262-F229-BC63-3EA63D49D146}.Debug|Any CPU.Build.0 = Debug|Any CPU
		{F550140F-C262-F229-BC63-3EA63D49D146}.Release|Any CPU.ActiveCfg = Release|Any CPU
		{F550140F-C262-F229-BC63-3EA63D49D146}.Release|Any CPU.Build.0 = Release|Any CPU
		{BD9E5333-134A-9D6E-65E6-EF898B7FB378}.Debug|Any CPU.ActiveCfg = Debug|Any CPU
		{BD9E5333-134A-9D6E-65E6-EF898B7FB378}.Debug|Any CPU.Build.0 = Debug|Any CPU
		{BD9E5333-134A-9D6E-65E6-EF898B7FB378}.Release|Any CPU.ActiveCfg = Release|Any CPU
		{BD9E5333-134A-9D6E-65E6-EF898B7FB378}.Release|Any CPU.Build.0 = Release|Any CPU
		{FD0DCAD8-AADB-ED2A-D5B5-AF7177BD5919}.Debug|Any CPU.ActiveCfg = Debug|Any CPU
		{FD0DCAD8-AADB-ED2A-D5B5-AF7177BD5919}.Debug|Any CPU.Build.0 = Debug|Any CPU
		{FD0DCAD8-AADB-ED2A-D5B5-AF7177BD5919}.Release|Any CPU.ActiveCfg = Release|Any CPU
		{FD0DCAD8-AADB-ED2A-D5B5-AF7177BD5919}.Release|Any CPU.Build.0 = Release|Any CPU
		{A87AED0F-C0BE-82B3-970D-A87755B06BCB}.Debug|Any CPU.ActiveCfg = Debug|Any CPU
		{A87AED0F-C0BE-82B3-970D-A87755B06BCB}.Debug|Any CPU.Build.0 = Debug|Any CPU
		{A87AED0F-C0BE-82B3-970D-A87755B06BCB}.Release|Any CPU.ActiveCfg = Release|Any CPU
		{A87AED0F-C0BE-82B3-970D-A87755B06BCB}.Release|Any CPU.Build.0 = Release|Any CPU
		{6E0AEEAA-6B8C-6EBD-91AC-2F979FF62B2D}.Debug|Any CPU.ActiveCfg = Debug|Any CPU
		{6E0AEEAA-6B8C-6EBD-91AC-2F979FF62B2D}.Debug|Any CPU.Build.0 = Debug|Any CPU
		{6E0AEEAA-6B8C-6EBD-91AC-2F979FF62B2D}.Release|Any CPU.ActiveCfg = Release|Any CPU
		{6E0AEEAA-6B8C-6EBD-91AC-2F979FF62B2D}.Release|Any CPU.Build.0 = Release|Any CPU
		{A582340B-0D07-A155-0D44-C7D02202646D}.Debug|Any CPU.ActiveCfg = Debug|Any CPU
		{A582340B-0D07-A155-0D44-C7D02202646D}.Debug|Any CPU.Build.0 = Debug|Any CPU
		{A582340B-0D07-A155-0D44-C7D02202646D}.Release|Any CPU.ActiveCfg = Release|Any CPU
		{A582340B-0D07-A155-0D44-C7D02202646D}.Release|Any CPU.Build.0 = Release|Any CPU
		{E83E2203-FAD2-A217-75A3-545ECF8E6023}.Debug|Any CPU.ActiveCfg = Debug|Any CPU
		{E83E2203-FAD2-A217-75A3-545ECF8E6023}.Debug|Any CPU.Build.0 = Debug|Any CPU
		{E83E2203-FAD2-A217-75A3-545ECF8E6023}.Release|Any CPU.ActiveCfg = Release|Any CPU
		{E83E2203-FAD2-A217-75A3-545ECF8E6023}.Release|Any CPU.Build.0 = Release|Any CPU
		{B2AB0C59-76C7-D50F-C997-B3196F581E49}.Debug|Any CPU.ActiveCfg = Debug|Any CPU
		{B2AB0C59-76C7-D50F-C997-B3196F581E49}.Debug|Any CPU.Build.0 = Debug|Any CPU
		{B2AB0C59-76C7-D50F-C997-B3196F581E49}.Release|Any CPU.ActiveCfg = Release|Any CPU
		{B2AB0C59-76C7-D50F-C997-B3196F581E49}.Release|Any CPU.Build.0 = Release|Any CPU
		{E7689A13-8FD4-BC7F-AFAD-EE08F674970A}.Debug|Any CPU.ActiveCfg = Debug|Any CPU
		{E7689A13-8FD4-BC7F-AFAD-EE08F674970A}.Debug|Any CPU.Build.0 = Debug|Any CPU
		{E7689A13-8FD4-BC7F-AFAD-EE08F674970A}.Release|Any CPU.ActiveCfg = Release|Any CPU
		{E7689A13-8FD4-BC7F-AFAD-EE08F674970A}.Release|Any CPU.Build.0 = Release|Any CPU
		{B4C377EB-57FE-4622-3B7B-9E2D23DD0560}.Debug|Any CPU.ActiveCfg = Debug|Any CPU
		{B4C377EB-57FE-4622-3B7B-9E2D23DD0560}.Debug|Any CPU.Build.0 = Debug|Any CPU
		{B4C377EB-57FE-4622-3B7B-9E2D23DD0560}.Release|Any CPU.ActiveCfg = Release|Any CPU
		{B4C377EB-57FE-4622-3B7B-9E2D23DD0560}.Release|Any CPU.Build.0 = Release|Any CPU
		{96943D5E-BE04-2DB3-1284-84A830B1EE53}.Debug|Any CPU.ActiveCfg = Debug|Any CPU
		{96943D5E-BE04-2DB3-1284-84A830B1EE53}.Debug|Any CPU.Build.0 = Debug|Any CPU
		{96943D5E-BE04-2DB3-1284-84A830B1EE53}.Release|Any CPU.ActiveCfg = Release|Any CPU
		{96943D5E-BE04-2DB3-1284-84A830B1EE53}.Release|Any CPU.Build.0 = Release|Any CPU
		{C4546BFA-2BA3-846A-E1AC-183DC83E403B}.Debug|Any CPU.ActiveCfg = Debug|Any CPU
		{C4546BFA-2BA3-846A-E1AC-183DC83E403B}.Debug|Any CPU.Build.0 = Debug|Any CPU
		{C4546BFA-2BA3-846A-E1AC-183DC83E403B}.Release|Any CPU.ActiveCfg = Release|Any CPU
		{C4546BFA-2BA3-846A-E1AC-183DC83E403B}.Release|Any CPU.Build.0 = Release|Any CPU
		{7F188963-A019-C8C1-3DFC-E05B9B24D0F4}.Debug|Any CPU.ActiveCfg = Debug|Any CPU
		{7F188963-A019-C8C1-3DFC-E05B9B24D0F4}.Debug|Any CPU.Build.0 = Debug|Any CPU
		{7F188963-A019-C8C1-3DFC-E05B9B24D0F4}.Release|Any CPU.ActiveCfg = Release|Any CPU
		{7F188963-A019-C8C1-3DFC-E05B9B24D0F4}.Release|Any CPU.Build.0 = Release|Any CPU
		{1870FA53-056C-BE1E-6B58-290141D32D44}.Debug|Any CPU.ActiveCfg = Debug|Any CPU
		{1870FA53-056C-BE1E-6B58-290141D32D44}.Debug|Any CPU.Build.0 = Debug|Any CPU
		{1870FA53-056C-BE1E-6B58-290141D32D44}.Release|Any CPU.ActiveCfg = Release|Any CPU
		{1870FA53-056C-BE1E-6B58-290141D32D44}.Release|Any CPU.Build.0 = Release|Any CPU
		{DD0AE49F-0C33-9E7B-A24B-EA998FBE67A5}.Debug|Any CPU.ActiveCfg = Debug|Any CPU
		{DD0AE49F-0C33-9E7B-A24B-EA998FBE67A5}.Debug|Any CPU.Build.0 = Debug|Any CPU
		{DD0AE49F-0C33-9E7B-A24B-EA998FBE67A5}.Release|Any CPU.ActiveCfg = Release|Any CPU
		{DD0AE49F-0C33-9E7B-A24B-EA998FBE67A5}.Release|Any CPU.Build.0 = Release|Any CPU
		{3BF73779-4D62-E007-47B0-77E019F7A2F0}.Debug|Any CPU.ActiveCfg = Debug|Any CPU
		{3BF73779-4D62-E007-47B0-77E019F7A2F0}.Debug|Any CPU.Build.0 = Debug|Any CPU
		{3BF73779-4D62-E007-47B0-77E019F7A2F0}.Release|Any CPU.ActiveCfg = Release|Any CPU
		{3BF73779-4D62-E007-47B0-77E019F7A2F0}.Release|Any CPU.Build.0 = Release|Any CPU
		{D9B91A28-7F89-77A9-C44F-865F73E3E351}.Debug|Any CPU.ActiveCfg = Debug|Any CPU
		{D9B91A28-7F89-77A9-C44F-865F73E3E351}.Debug|Any CPU.Build.0 = Debug|Any CPU
		{D9B91A28-7F89-77A9-C44F-865F73E3E351}.Release|Any CPU.ActiveCfg = Release|Any CPU
		{D9B91A28-7F89-77A9-C44F-865F73E3E351}.Release|Any CPU.Build.0 = Release|Any CPU
		{DD3B820C-5E24-8702-D622-837D00B59DB7}.Debug|Any CPU.ActiveCfg = Debug|Any CPU
		{DD3B820C-5E24-8702-D622-837D00B59DB7}.Debug|Any CPU.Build.0 = Debug|Any CPU
		{DD3B820C-5E24-8702-D622-837D00B59DB7}.Release|Any CPU.ActiveCfg = Release|Any CPU
		{DD3B820C-5E24-8702-D622-837D00B59DB7}.Release|Any CPU.Build.0 = Release|Any CPU
		{D6B23151-9FCB-DE40-6801-2CE9C5649A2E}.Debug|Any CPU.ActiveCfg = Debug|Any CPU
		{D6B23151-9FCB-DE40-6801-2CE9C5649A2E}.Debug|Any CPU.Build.0 = Debug|Any CPU
		{D6B23151-9FCB-DE40-6801-2CE9C5649A2E}.Release|Any CPU.ActiveCfg = Release|Any CPU
		{D6B23151-9FCB-DE40-6801-2CE9C5649A2E}.Release|Any CPU.Build.0 = Release|Any CPU
	EndGlobalSection
	GlobalSection(SolutionProperties) = preSolution
		HideSolutionNode = FALSE
	EndGlobalSection
EndGlobal
